
Microsoft Visual Studio Solution File, Format Version 12.00
# Visual Studio Version 17
VisualStudioVersion = 17.12.35527.113
MinimumVisualStudioVersion = 10.0.40219.1
Project("{FAE04EC0-301F-11D3-BF4B-00C04F79EFBC}") = "FormApp", "FormApp\FormApp.csproj", "{A63EDA0E-7C23-4E4B-A3D2-882EEF05F1B9}"
EndProject
Project("{FAE04EC0-301F-11D3-BF4B-00C04F79EFBC}") = "BookRentalObject", "..\BookRentalObject\BookRentalObject.csproj", "{71C0B5DC-BC65-4F60-839C-7A7A051CBB16}"
EndProject
Global
	GlobalSection(SolutionConfigurationPlatforms) = preSolution
		Debug|Any CPU = Debug|Any CPU
		Release|Any CPU = Release|Any CPU
	EndGlobalSection
	GlobalSection(ProjectConfigurationPlatforms) = postSolution
		{A63EDA0E-7C23-4E4B-A3D2-882EEF05F1B9}.Debug|Any CPU.ActiveCfg = Debug|Any CPU
		{A63EDA0E-7C23-4E4B-A3D2-882EEF05F1B9}.Debug|Any CPU.Build.0 = Debug|Any CPU
		{A63EDA0E-7C23-4E4B-A3D2-882EEF05F1B9}.Release|Any CPU.ActiveCfg = Release|Any CPU
		{A63EDA0E-7C23-4E4B-A3D2-882EEF05F1B9}.Release|Any CPU.Build.0 = Release|Any CPU
		{71C0B5DC-BC65-4F60-839C-7A7A051CBB16}.Debug|Any CPU.ActiveCfg = Debug|Any CPU
		{71C0B5DC-BC65-4F60-839C-7A7A051CBB16}.Debug|Any CPU.Build.0 = Debug|Any CPU
		{71C0B5DC-BC65-4F60-839C-7A7A051CBB16}.Release|Any CPU.ActiveCfg = Release|Any CPU
		{71C0B5DC-BC65-4F60-839C-7A7A051CBB16}.Release|Any CPU.Build.0 = Release|Any CPU
	EndGlobalSection
	GlobalSection(SolutionProperties) = preSolution
		HideSolutionNode = FALSE
	EndGlobalSection
EndGlobal
